
Microsoft Visual Studio Solution File, Format Version 12.00
Project("{FAE04EC0-301F-11D3-BF4B-00C04F79EFBC}") = "MarQuesTT.Core", "src\MarQuesTT.Core\MarQuesTT.Core.csproj", "{A56A69D4-0F06-4FA1-B127-45F4B71371F5}"
EndProject
Project("{FAE04EC0-301F-11D3-BF4B-00C04F79EFBC}") = "MarQuesTT.Protocol", "src\MarQuesTT.Protocol\MarQuesTT.Protocol.csproj", "{12A40EB4-B328-4DEE-AD75-B7297231116D}"
EndProject
Project("{2150E333-8FDC-42A3-9474-1A3956D46DE8}") = "src", "src", "{827E0CD3-B72D-47B6-A68D-7590B98EB39B}"
EndProject
Project("{FAE04EC0-301F-11D3-BF4B-00C04F79EFBC}") = "MarQuesTT.Broker", "src\MarQuesTT.Broker\MarQuesTT.Broker.csproj", "{A1834521-3711-476C-AACF-23B9CC449694}"
EndProject
Project("{FAE04EC0-301F-11D3-BF4B-00C04F79EFBC}") = "MarQuesTT.Network", "src\MarQuesTT.Network\MarQuesTT.Network.csproj", "{68367E86-2D74-4FF3-9DFB-FF6677F9EB60}"
EndProject
Project("{FAE04EC0-301F-11D3-BF4B-00C04F79EFBC}") = "MarQuesTT.Storage", "src\MarQuesTT.Storage\MarQuesTT.Storage.csproj", "{DD45EAD8-46FF-4C79-A943-F9E70FAA892C}"
EndProject
Project("{FAE04EC0-301F-11D3-BF4B-00C04F79EFBC}") = "MarQuesTT.Security", "src\MarQuesTT.Security\MarQuesTT.Security.csproj", "{3BBC8824-7E95-4F24-9BDB-3AFD2571DC44}"
EndProject
Project("{2150E333-8FDC-42A3-9474-1A3956D46DE8}") = "tests", "tests", "{0AB3BF05-4346-4AA6-1389-037BE0695223}"
EndProject
Project("{FAE04EC0-301F-11D3-BF4B-00C04F79EFBC}") = "MarQuesTT.Tests.Unit", "tests\MarQuesTT.Tests.Unit\MarQuesTT.Tests.Unit.csproj", "{A02F8B87-9043-4587-856B-06C94D41235D}"
EndProject
Project("{FAE04EC0-301F-11D3-BF4B-00C04F79EFBC}") = "MarQuesTT.Tests.Integration", "tests\MarQuesTT.Tests.Integration\MarQuesTT.Tests.Integration.csproj", "{AB9B19F3-ADA8-4E73-AE5F-212815787CA8}"
EndProject
Global
	GlobalSection(SolutionConfigurationPlatforms) = preSolution
		Debug|Any CPU = Debug|Any CPU
		Debug|x64 = Debug|x64
		Debug|x86 = Debug|x86
		Release|Any CPU = Release|Any CPU
		Release|x64 = Release|x64
		Release|x86 = Release|x86
	EndGlobalSection
	GlobalSection(ProjectConfigurationPlatforms) = postSolution
		{A56A69D4-0F06-4FA1-B127-45F4B71371F5}.Debug|Any CPU.ActiveCfg = Debug|Any CPU
		{A56A69D4-0F06-4FA1-B127-45F4B71371F5}.Debug|Any CPU.Build.0 = Debug|Any CPU
		{A56A69D4-0F06-4FA1-B127-45F4B71371F5}.Debug|x64.ActiveCfg = Debug|Any CPU
		{A56A69D4-0F06-4FA1-B127-45F4B71371F5}.Debug|x64.Build.0 = Debug|Any CPU
		{A56A69D4-0F06-4FA1-B127-45F4B71371F5}.Debug|x86.ActiveCfg = Debug|Any CPU
		{A56A69D4-0F06-4FA1-B127-45F4B71371F5}.Debug|x86.Build.0 = Debug|Any CPU
		{A56A69D4-0F06-4FA1-B127-45F4B71371F5}.Release|Any CPU.ActiveCfg = Release|Any CPU
		{A56A69D4-0F06-4FA1-B127-45F4B71371F5}.Release|Any CPU.Build.0 = Release|Any CPU
		{A56A69D4-0F06-4FA1-B127-45F4B71371F5}.Release|x64.ActiveCfg = Release|Any CPU
		{A56A69D4-0F06-4FA1-B127-45F4B71371F5}.Release|x64.Build.0 = Release|Any CPU
		{A56A69D4-0F06-4FA1-B127-45F4B71371F5}.Release|x86.ActiveCfg = Release|Any CPU
		{A56A69D4-0F06-4FA1-B127-45F4B71371F5}.Release|x86.Build.0 = Release|Any CPU
		{12A40EB4-B328-4DEE-AD75-B7297231116D}.Debug|Any CPU.ActiveCfg = Debug|Any CPU
		{12A40EB4-B328-4DEE-AD75-B7297231116D}.Debug|Any CPU.Build.0 = Debug|Any CPU
		{12A40EB4-B328-4DEE-AD75-B7297231116D}.Debug|x64.ActiveCfg = Debug|Any CPU
		{12A40EB4-B328-4DEE-AD75-B7297231116D}.Debug|x64.Build.0 = Debug|Any CPU
		{12A40EB4-B328-4DEE-AD75-B7297231116D}.Debug|x86.ActiveCfg = Debug|Any CPU
		{12A40EB4-B328-4DEE-AD75-B7297231116D}.Debug|x86.Build.0 = Debug|Any CPU
		{12A40EB4-B328-4DEE-AD75-B7297231116D}.Release|Any CPU.ActiveCfg = Release|Any CPU
		{12A40EB4-B328-4DEE-AD75-B7297231116D}.Release|Any CPU.Build.0 = Release|Any CPU
		{12A40EB4-B328-4DEE-AD75-B7297231116D}.Release|x64.ActiveCfg = Release|Any CPU
		{12A40EB4-B328-4DEE-AD75-B7297231116D}.Release|x64.Build.0 = Release|Any CPU
		{12A40EB4-B328-4DEE-AD75-B7297231116D}.Release|x86.ActiveCfg = Release|Any CPU
		{12A40EB4-B328-4DEE-AD75-B7297231116D}.Release|x86.Build.0 = Release|Any CPU
		{A1834521-3711-476C-AACF-23B9CC449694}.Debug|Any CPU.ActiveCfg = Debug|Any CPU
		{A1834521-3711-476C-AACF-23B9CC449694}.Debug|Any CPU.Build.0 = Debug|Any CPU
		{A1834521-3711-476C-AACF-23B9CC449694}.Debug|x64.ActiveCfg = Debug|Any CPU
		{A1834521-3711-476C-AACF-23B9CC449694}.Debug|x64.Build.0 = Debug|Any CPU
		{A1834521-3711-476C-AACF-23B9CC449694}.Debug|x86.ActiveCfg = Debug|Any CPU
		{A1834521-3711-476C-AACF-23B9CC449694}.Debug|x86.Build.0 = Debug|Any CPU
		{A1834521-3711-476C-AACF-23B9CC449694}.Release|Any CPU.ActiveCfg = Release|Any CPU
		{A1834521-3711-476C-AACF-23B9CC449694}.Release|Any CPU.Build.0 = Release|Any CPU
		{A1834521-3711-476C-AACF-23B9CC449694}.Release|x64.ActiveCfg = Release|Any CPU
		{A1834521-3711-476C-AACF-23B9CC449694}.Release|x64.Build.0 = Release|Any CPU
		{A1834521-3711-476C-AACF-23B9CC449694}.Release|x86.ActiveCfg = Release|Any CPU
		{A1834521-3711-476C-AACF-23B9CC449694}.Release|x86.Build.0 = Release|Any CPU
		{68367E86-2D74-4FF3-9DFB-FF6677F9EB60}.Debug|Any CPU.ActiveCfg = Debug|Any CPU
		{68367E86-2D74-4FF3-9DFB-FF6677F9EB60}.Debug|Any CPU.Build.0 = Debug|Any CPU
		{68367E86-2D74-4FF3-9DFB-FF6677F9EB60}.Debug|x64.ActiveCfg = Debug|Any CPU
		{68367E86-2D74-4FF3-9DFB-FF6677F9EB60}.Debug|x64.Build.0 = Debug|Any CPU
		{68367E86-2D74-4FF3-9DFB-FF6677F9EB60}.Debug|x86.ActiveCfg = Debug|Any CPU
		{68367E86-2D74-4FF3-9DFB-FF6677F9EB60}.Debug|x86.Build.0 = Debug|Any CPU
		{68367E86-2D74-4FF3-9DFB-FF6677F9EB60}.Release|Any CPU.ActiveCfg = Release|Any CPU
		{68367E86-2D74-4FF3-9DFB-FF6677F9EB60}.Release|Any CPU.Build.0 = Release|Any CPU
		{68367E86-2D74-4FF3-9DFB-FF6677F9EB60}.Release|x64.ActiveCfg = Release|Any CPU
		{68367E86-2D74-4FF3-9DFB-FF6677F9EB60}.Release|x64.Build.0 = Release|Any CPU
		{68367E86-2D74-4FF3-9DFB-FF6677F9EB60}.Release|x86.ActiveCfg = Release|Any CPU
		{68367E86-2D74-4FF3-9DFB-FF6677F9EB60}.Release|x86.Build.0 = Release|Any CPU
		{DD45EAD8-46FF-4C79-A943-F9E70FAA892C}.Debug|Any CPU.ActiveCfg = Debug|Any CPU
		{DD45EAD8-46FF-4C79-A943-F9E70FAA892C}.Debug|Any CPU.Build.0 = Debug|Any CPU
		{DD45EAD8-46FF-4C79-A943-F9E70FAA892C}.Debug|x64.ActiveCfg = Debug|Any CPU
		{DD45EAD8-46FF-4C79-A943-F9E70FAA892C}.Debug|x64.Build.0 = Debug|Any CPU
		{DD45EAD8-46FF-4C79-A943-F9E70FAA892C}.Debug|x86.ActiveCfg = Debug|Any CPU
		{DD45EAD8-46FF-4C79-A943-F9E70FAA892C}.Debug|x86.Build.0 = Debug|Any CPU
		{DD45EAD8-46FF-4C79-A943-F9E70FAA892C}.Release|Any CPU.ActiveCfg = Release|Any CPU
		{DD45EAD8-46FF-4C79-A943-F9E70FAA892C}.Release|Any CPU.Build.0 = Release|Any CPU
		{DD45EAD8-46FF-4C79-A943-F9E70FAA892C}.Release|x64.ActiveCfg = Release|Any CPU
		{DD45EAD8-46FF-4C79-A943-F9E70FAA892C}.Release|x64.Build.0 = Release|Any CPU
		{DD45EAD8-46FF-4C79-A943-F9E70FAA892C}.Release|x86.ActiveCfg = Release|Any CPU
		{DD45EAD8-46FF-4C79-A943-F9E70FAA892C}.Release|x86.Build.0 = Release|Any CPU
		{3BBC8824-7E95-4F24-9BDB-3AFD2571DC44}.Debug|Any CPU.ActiveCfg = Debug|Any CPU
		{3BBC8824-7E95-4F24-9BDB-3AFD2571DC44}.Debug|Any CPU.Build.0 = Debug|Any CPU
		{3BBC8824-7E95-4F24-9BDB-3AFD2571DC44}.Debug|x64.ActiveCfg = Debug|Any CPU
		{3BBC8824-7E95-4F24-9BDB-3AFD2571DC44}.Debug|x64.Build.0 = Debug|Any CPU
		{3BBC8824-7E95-4F24-9BDB-3AFD2571DC44}.Debug|x86.ActiveCfg = Debug|Any CPU
		{3BBC8824-7E95-4F24-9BDB-3AFD2571DC44}.Debug|x86.Build.0 = Debug|Any CPU
		{3BBC8824-7E95-4F24-9BDB-3AFD2571DC44}.Release|Any CPU.ActiveCfg = Release|Any CPU
		{3BBC8824-7E95-4F24-9BDB-3AFD2571DC44}.Release|Any CPU.Build.0 = Release|Any CPU
		{3BBC8824-7E95-4F24-9BDB-3AFD2571DC44}.Release|x64.ActiveCfg = Release|Any CPU
		{3BBC8824-7E95-4F24-9BDB-3AFD2571DC44}.Release|x64.Build.0 = Release|Any CPU
		{3BBC8824-7E95-4F24-9BDB-3AFD2571DC44}.Release|x86.ActiveCfg = Release|Any CPU
		{3BBC8824-7E95-4F24-9BDB-3AFD2571DC44}.Release|x86.Build.0 = Release|Any CPU
		{A02F8B87-9043-4587-856B-06C94D41235D}.Debug|Any CPU.ActiveCfg = Debug|Any CPU
		{A02F8B87-9043-4587-856B-06C94D41235D}.Debug|Any CPU.Build.0 = Debug|Any CPU
		{A02F8B87-9043-4587-856B-06C94D41235D}.Debug|x64.ActiveCfg = Debug|Any CPU
		{A02F8B87-9043-4587-856B-06C94D41235D}.Debug|x64.Build.0 = Debug|Any CPU
		{A02F8B87-9043-4587-856B-06C94D41235D}.Debug|x86.ActiveCfg = Debug|Any CPU
		{A02F8B87-9043-4587-856B-06C94D41235D}.Debug|x86.Build.0 = Debug|Any CPU
		{A02F8B87-9043-4587-856B-06C94D41235D}.Release|Any CPU.ActiveCfg = Release|Any CPU
		{A02F8B87-9043-4587-856B-06C94D41235D}.Release|Any CPU.Build.0 = Release|Any CPU
		{A02F8B87-9043-4587-856B-06C94D41235D}.Release|x64.ActiveCfg = Release|Any CPU
		{A02F8B87-9043-4587-856B-06C94D41235D}.Release|x64.Build.0 = Release|Any CPU
		{A02F8B87-9043-4587-856B-06C94D41235D}.Release|x86.ActiveCfg = Release|Any CPU
		{A02F8B87-9043-4587-856B-06C94D41235D}.Release|x86.Build.0 = Release|Any CPU
		{AB9B19F3-ADA8-4E73-AE5F-212815787CA8}.Debug|Any CPU.ActiveCfg = Debug|Any CPU
		{AB9B19F3-ADA8-4E73-AE5F-212815787CA8}.Debug|Any CPU.Build.0 = Debug|Any CPU
		{AB9B19F3-ADA8-4E73-AE5F-212815787CA8}.Debug|x64.ActiveCfg = Debug|Any CPU
		{AB9B19F3-ADA8-4E73-AE5F-212815787CA8}.Debug|x64.Build.0 = Debug|Any CPU
		{AB9B19F3-ADA8-4E73-AE5F-212815787CA8}.Debug|x86.ActiveCfg = Debug|Any CPU
		{AB9B19F3-ADA8-4E73-AE5F-212815787CA8}.Debug|x86.Build.0 = Debug|Any CPU
		{AB9B19F3-ADA8-4E73-AE5F-212815787CA8}.Release|Any CPU.ActiveCfg = Release|Any CPU
		{AB9B19F3-ADA8-4E73-AE5F-212815787CA8}.Release|Any CPU.Build.0 = Release|Any CPU
		{AB9B19F3-ADA8-4E73-AE5F-212815787CA8}.Release|x64.ActiveCfg = Release|Any CPU
		{AB9B19F3-ADA8-4E73-AE5F-212815787CA8}.Release|x64.Build.0 = Release|Any CPU
		{AB9B19F3-ADA8-4E73-AE5F-212815787CA8}.Release|x86.ActiveCfg = Release|Any CPU
		{AB9B19F3-ADA8-4E73-AE5F-212815787CA8}.Release|x86.Build.0 = Release|Any CPU
	EndGlobalSection
	GlobalSection(SolutionProperties) = preSolution
		HideSolutionNode = FALSE
	EndGlobalSection
	GlobalSection(NestedProjects) = preSolution
		{A1834521-3711-476C-AACF-23B9CC449694} = {827E0CD3-B72D-47B6-A68D-7590B98EB39B}
		{68367E86-2D74-4FF3-9DFB-FF6677F9EB60} = {827E0CD3-B72D-47B6-A68D-7590B98EB39B}
		{DD45EAD8-46FF-4C79-A943-F9E70FAA892C} = {827E0CD3-B72D-47B6-A68D-7590B98EB39B}
		{3BBC8824-7E95-4F24-9BDB-3AFD2571DC44} = {827E0CD3-B72D-47B6-A68D-7590B98EB39B}
		{A02F8B87-9043-4587-856B-06C94D41235D} = {0AB3BF05-4346-4AA6-1389-037BE0695223}
		{AB9B19F3-ADA8-4E73-AE5F-212815787CA8} = {0AB3BF05-4346-4AA6-1389-037BE0695223}
		{A56A69D4-0F06-4FA1-B127-45F4B71371F5} = {827E0CD3-B72D-47B6-A68D-7590B98EB39B}
		{12A40EB4-B328-4DEE-AD75-B7297231116D} = {827E0CD3-B72D-47B6-A68D-7590B98EB39B}
	EndGlobalSection
EndGlobal
